
Microsoft Visual Studio Solution File, Format Version 12.00
# Visual Studio Version 16
VisualStudioVersion = 16.0.30717.126
MinimumVisualStudioVersion = 10.0.40219.1
Project("{9A19103F-16F7-4668-BE54-9A1E7A4F7556}") = "Common", "Common\Common.csproj", "{EF9D55A0-EDF9-4FF8-9B36-3F2150EE93F3}"
EndProject
Project("{9A19103F-16F7-4668-BE54-9A1E7A4F7556}") = "Day1", "Day1\Day1.csproj", "{8C76D4E6-ECCA-494D-9E41-7BA9B2C8021B}"
EndProject
Project("{9A19103F-16F7-4668-BE54-9A1E7A4F7556}") = "Day2", "Day2\Day2.csproj", "{A9A5EC8B-1063-47C8-AB36-09064F20FDB6}"
EndProject
Project("{9A19103F-16F7-4668-BE54-9A1E7A4F7556}") = "Day3", "Day3\Day3.csproj", "{E7F151F1-DBEB-41A1-98E9-707761024BB0}"
EndProject
Project("{9A19103F-16F7-4668-BE54-9A1E7A4F7556}") = "Day4", "Day4\Day4.csproj", "{9989CC2D-8DBA-4874-9486-8F16F760ECCD}"
EndProject
Project("{9A19103F-16F7-4668-BE54-9A1E7A4F7556}") = "Day5", "Day5\Day5.csproj", "{3FEE4061-744F-4DA2-960E-EC6D5DF42F2B}"
EndProject
Project("{9A19103F-16F7-4668-BE54-9A1E7A4F7556}") = "Day6", "Day6\Day6.csproj", "{7207CDF1-ED84-4B48-B0B1-31D51575DB2E}"
EndProject
Project("{9A19103F-16F7-4668-BE54-9A1E7A4F7556}") = "Day7", "Day7\Day7.csproj", "{3D9BD487-D626-4F69-9695-3271A4C2E5C5}"
EndProject
Project("{9A19103F-16F7-4668-BE54-9A1E7A4F7556}") = "Day8", "Day8\Day8.csproj", "{C2CD0902-B216-4330-ABC2-B1918612AC5F}"
EndProject
Project("{9A19103F-16F7-4668-BE54-9A1E7A4F7556}") = "Day9", "Day9\Day9.csproj", "{7B78CF94-8FF3-47EB-A50E-EC0C2866F28F}"
EndProject
Project("{9A19103F-16F7-4668-BE54-9A1E7A4F7556}") = "Day10", "Day10\Day10.csproj", "{04819B99-D597-47C5-A9EF-CA8C936F4D6E}"
EndProject
Project("{FAE04EC0-301F-11D3-BF4B-00C04F79EFBC}") = "Day11", "Day11\Day11.csproj", "{80AA462C-BD8F-45E5-B728-901BFAD0EE24}"
EndProject
Global
	GlobalSection(SolutionConfigurationPlatforms) = preSolution
		Debug|Any CPU = Debug|Any CPU
		Release|Any CPU = Release|Any CPU
	EndGlobalSection
	GlobalSection(ProjectConfigurationPlatforms) = postSolution
		{EF9D55A0-EDF9-4FF8-9B36-3F2150EE93F3}.Debug|Any CPU.ActiveCfg = Debug|Any CPU
		{EF9D55A0-EDF9-4FF8-9B36-3F2150EE93F3}.Debug|Any CPU.Build.0 = Debug|Any CPU
		{EF9D55A0-EDF9-4FF8-9B36-3F2150EE93F3}.Release|Any CPU.ActiveCfg = Release|Any CPU
		{EF9D55A0-EDF9-4FF8-9B36-3F2150EE93F3}.Release|Any CPU.Build.0 = Release|Any CPU
		{8C76D4E6-ECCA-494D-9E41-7BA9B2C8021B}.Debug|Any CPU.ActiveCfg = Debug|Any CPU
		{8C76D4E6-ECCA-494D-9E41-7BA9B2C8021B}.Debug|Any CPU.Build.0 = Debug|Any CPU
		{8C76D4E6-ECCA-494D-9E41-7BA9B2C8021B}.Release|Any CPU.ActiveCfg = Release|Any CPU
		{8C76D4E6-ECCA-494D-9E41-7BA9B2C8021B}.Release|Any CPU.Build.0 = Release|Any CPU
		{A9A5EC8B-1063-47C8-AB36-09064F20FDB6}.Debug|Any CPU.ActiveCfg = Debug|Any CPU
		{A9A5EC8B-1063-47C8-AB36-09064F20FDB6}.Debug|Any CPU.Build.0 = Debug|Any CPU
		{A9A5EC8B-1063-47C8-AB36-09064F20FDB6}.Release|Any CPU.ActiveCfg = Release|Any CPU
		{A9A5EC8B-1063-47C8-AB36-09064F20FDB6}.Release|Any CPU.Build.0 = Release|Any CPU
		{E7F151F1-DBEB-41A1-98E9-707761024BB0}.Debug|Any CPU.ActiveCfg = Debug|Any CPU
		{E7F151F1-DBEB-41A1-98E9-707761024BB0}.Debug|Any CPU.Build.0 = Debug|Any CPU
		{E7F151F1-DBEB-41A1-98E9-707761024BB0}.Release|Any CPU.ActiveCfg = Release|Any CPU
		{E7F151F1-DBEB-41A1-98E9-707761024BB0}.Release|Any CPU.Build.0 = Release|Any CPU
		{9989CC2D-8DBA-4874-9486-8F16F760ECCD}.Debug|Any CPU.ActiveCfg = Debug|Any CPU
		{9989CC2D-8DBA-4874-9486-8F16F760ECCD}.Debug|Any CPU.Build.0 = Debug|Any CPU
		{9989CC2D-8DBA-4874-9486-8F16F760ECCD}.Release|Any CPU.ActiveCfg = Release|Any CPU
		{9989CC2D-8DBA-4874-9486-8F16F760ECCD}.Release|Any CPU.Build.0 = Release|Any CPU
		{3FEE4061-744F-4DA2-960E-EC6D5DF42F2B}.Debug|Any CPU.ActiveCfg = Debug|Any CPU
		{3FEE4061-744F-4DA2-960E-EC6D5DF42F2B}.Debug|Any CPU.Build.0 = Debug|Any CPU
		{3FEE4061-744F-4DA2-960E-EC6D5DF42F2B}.Release|Any CPU.ActiveCfg = Release|Any CPU
		{3FEE4061-744F-4DA2-960E-EC6D5DF42F2B}.Release|Any CPU.Build.0 = Release|Any CPU
		{7207CDF1-ED84-4B48-B0B1-31D51575DB2E}.Debug|Any CPU.ActiveCfg = Debug|Any CPU
		{7207CDF1-ED84-4B48-B0B1-31D51575DB2E}.Debug|Any CPU.Build.0 = Debug|Any CPU
		{7207CDF1-ED84-4B48-B0B1-31D51575DB2E}.Release|Any CPU.ActiveCfg = Release|Any CPU
		{7207CDF1-ED84-4B48-B0B1-31D51575DB2E}.Release|Any CPU.Build.0 = Release|Any CPU
		{3D9BD487-D626-4F69-9695-3271A4C2E5C5}.Debug|Any CPU.ActiveCfg = Debug|Any CPU
		{3D9BD487-D626-4F69-9695-3271A4C2E5C5}.Debug|Any CPU.Build.0 = Debug|Any CPU
		{3D9BD487-D626-4F69-9695-3271A4C2E5C5}.Release|Any CPU.ActiveCfg = Release|Any CPU
		{3D9BD487-D626-4F69-9695-3271A4C2E5C5}.Release|Any CPU.Build.0 = Release|Any CPU
		{C2CD0902-B216-4330-ABC2-B1918612AC5F}.Debug|Any CPU.ActiveCfg = Debug|Any CPU
		{C2CD0902-B216-4330-ABC2-B1918612AC5F}.Debug|Any CPU.Build.0 = Debug|Any CPU
		{C2CD0902-B216-4330-ABC2-B1918612AC5F}.Release|Any CPU.ActiveCfg = Release|Any CPU
		{C2CD0902-B216-4330-ABC2-B1918612AC5F}.Release|Any CPU.Build.0 = Release|Any CPU
		{7B78CF94-8FF3-47EB-A50E-EC0C2866F28F}.Debug|Any CPU.ActiveCfg = Debug|Any CPU
		{7B78CF94-8FF3-47EB-A50E-EC0C2866F28F}.Debug|Any CPU.Build.0 = Debug|Any CPU
		{7B78CF94-8FF3-47EB-A50E-EC0C2866F28F}.Release|Any CPU.ActiveCfg = Release|Any CPU
		{7B78CF94-8FF3-47EB-A50E-EC0C2866F28F}.Release|Any CPU.Build.0 = Release|Any CPU
		{04819B99-D597-47C5-A9EF-CA8C936F4D6E}.Debug|Any CPU.ActiveCfg = Debug|Any CPU
		{04819B99-D597-47C5-A9EF-CA8C936F4D6E}.Debug|Any CPU.Build.0 = Debug|Any CPU
		{04819B99-D597-47C5-A9EF-CA8C936F4D6E}.Release|Any CPU.ActiveCfg = Release|Any CPU
		{04819B99-D597-47C5-A9EF-CA8C936F4D6E}.Release|Any CPU.Build.0 = Release|Any CPU
		{80AA462C-BD8F-45E5-B728-901BFAD0EE24}.Debug|Any CPU.ActiveCfg = Debug|Any CPU
		{80AA462C-BD8F-45E5-B728-901BFAD0EE24}.Debug|Any CPU.Build.0 = Debug|Any CPU
		{80AA462C-BD8F-45E5-B728-901BFAD0EE24}.Release|Any CPU.ActiveCfg = Release|Any CPU
		{80AA462C-BD8F-45E5-B728-901BFAD0EE24}.Release|Any CPU.Build.0 = Release|Any CPU
	EndGlobalSection
	GlobalSection(SolutionProperties) = preSolution
		HideSolutionNode = FALSE
	EndGlobalSection
	GlobalSection(ExtensibilityGlobals) = postSolution
		SolutionGuid = {0E0A2AF1-73B9-4F0C-B6EF-68D57A8173D5}
	EndGlobalSection
EndGlobal
