
Microsoft Visual Studio Solution File, Format Version 12.00
# Visual Studio Version 16
VisualStudioVersion = 16.0.30717.126
MinimumVisualStudioVersion = 10.0.40219.1
Project("{9A19103F-16F7-4668-BE54-9A1E7A4F7556}") = "Common", "Common\Common.csproj", "{EF9D55A0-EDF9-4FF8-9B36-3F2150EE93F3}"
EndProject
Project("{9A19103F-16F7-4668-BE54-9A1E7A4F7556}") = "Day1", "Day1\Day1.csproj", "{8C76D4E6-ECCA-494D-9E41-7BA9B2C8021B}"
EndProject
Project("{9A19103F-16F7-4668-BE54-9A1E7A4F7556}") = "Day2", "Day2\Day2.csproj", "{A9A5EC8B-1063-47C8-AB36-09064F20FDB6}"
EndProject
Project("{9A19103F-16F7-4668-BE54-9A1E7A4F7556}") = "Day3", "Day3\Day3.csproj", "{E7F151F1-DBEB-41A1-98E9-707761024BB0}"
EndProject
Project("{FAE04EC0-301F-11D3-BF4B-00C04F79EFBC}") = "Day4", "Day4\Day4.csproj", "{9989CC2D-8DBA-4874-9486-8F16F760ECCD}"
EndProject
Global
	GlobalSection(SolutionConfigurationPlatforms) = preSolution
		Debug|Any CPU = Debug|Any CPU
		Release|Any CPU = Release|Any CPU
	EndGlobalSection
	GlobalSection(ProjectConfigurationPlatforms) = postSolution
		{EF9D55A0-EDF9-4FF8-9B36-3F2150EE93F3}.Debug|Any CPU.ActiveCfg = Debug|Any CPU
		{EF9D55A0-EDF9-4FF8-9B36-3F2150EE93F3}.Debug|Any CPU.Build.0 = Debug|Any CPU
		{EF9D55A0-EDF9-4FF8-9B36-3F2150EE93F3}.Release|Any CPU.ActiveCfg = Release|Any CPU
		{EF9D55A0-EDF9-4FF8-9B36-3F2150EE93F3}.Release|Any CPU.Build.0 = Release|Any CPU
		{8C76D4E6-ECCA-494D-9E41-7BA9B2C8021B}.Debug|Any CPU.ActiveCfg = Debug|Any CPU
		{8C76D4E6-ECCA-494D-9E41-7BA9B2C8021B}.Debug|Any CPU.Build.0 = Debug|Any CPU
		{8C76D4E6-ECCA-494D-9E41-7BA9B2C8021B}.Release|Any CPU.ActiveCfg = Release|Any CPU
		{8C76D4E6-ECCA-494D-9E41-7BA9B2C8021B}.Release|Any CPU.Build.0 = Release|Any CPU
		{A9A5EC8B-1063-47C8-AB36-09064F20FDB6}.Debug|Any CPU.ActiveCfg = Debug|Any CPU
		{A9A5EC8B-1063-47C8-AB36-09064F20FDB6}.Debug|Any CPU.Build.0 = Debug|Any CPU
		{A9A5EC8B-1063-47C8-AB36-09064F20FDB6}.Release|Any CPU.ActiveCfg = Release|Any CPU
		{A9A5EC8B-1063-47C8-AB36-09064F20FDB6}.Release|Any CPU.Build.0 = Release|Any CPU
		{E7F151F1-DBEB-41A1-98E9-707761024BB0}.Debug|Any CPU.ActiveCfg = Debug|Any CPU
		{E7F151F1-DBEB-41A1-98E9-707761024BB0}.Debug|Any CPU.Build.0 = Debug|Any CPU
		{E7F151F1-DBEB-41A1-98E9-707761024BB0}.Release|Any CPU.ActiveCfg = Release|Any CPU
		{E7F151F1-DBEB-41A1-98E9-707761024BB0}.Release|Any CPU.Build.0 = Release|Any CPU
		{9989CC2D-8DBA-4874-9486-8F16F760ECCD}.Debug|Any CPU.ActiveCfg = Debug|Any CPU
		{9989CC2D-8DBA-4874-9486-8F16F760ECCD}.Debug|Any CPU.Build.0 = Debug|Any CPU
		{9989CC2D-8DBA-4874-9486-8F16F760ECCD}.Release|Any CPU.ActiveCfg = Release|Any CPU
		{9989CC2D-8DBA-4874-9486-8F16F760ECCD}.Release|Any CPU.Build.0 = Release|Any CPU
	EndGlobalSection
	GlobalSection(SolutionProperties) = preSolution
		HideSolutionNode = FALSE
	EndGlobalSection
	GlobalSection(ExtensibilityGlobals) = postSolution
		SolutionGuid = {0E0A2AF1-73B9-4F0C-B6EF-68D57A8173D5}
	EndGlobalSection
EndGlobal
